
Microsoft Visual Studio Solution File, Format Version 12.00
# Visual Studio 14
VisualStudioVersion = 14.0.25420.1
MinimumVisualStudioVersion = 10.0.40219.1
Project("{FAE04EC0-301F-11D3-BF4B-00C04F79EFBC}") = "MaltaStreetShufflers.Static", "MaltaStreetShufflers.Static\MaltaStreetShufflers.Static\MaltaStreetShufflers.Static.csproj", "{79ED6681-D549-4D78-B209-5E45C80ADBB2}"
EndProject
Project("{FAE04EC0-301F-11D3-BF4B-00C04F79EFBC}") = "MaltaStreetShufflers.MVC", "MaltaStreetShufflers.MVC\MaltaStreetShufflers.MVC.csproj", "{7DA3C8EB-BE6D-4434-8B7A-F19BB29F24CB}"
EndProject
Global
	GlobalSection(SolutionConfigurationPlatforms) = preSolution
		Debug|Any CPU = Debug|Any CPU
		Release|Any CPU = Release|Any CPU
	EndGlobalSection
	GlobalSection(ProjectConfigurationPlatforms) = postSolution
		{79ED6681-D549-4D78-B209-5E45C80ADBB2}.Debug|Any CPU.ActiveCfg = Debug|Any CPU
		{79ED6681-D549-4D78-B209-5E45C80ADBB2}.Debug|Any CPU.Build.0 = Debug|Any CPU
		{79ED6681-D549-4D78-B209-5E45C80ADBB2}.Release|Any CPU.ActiveCfg = Release|Any CPU
		{79ED6681-D549-4D78-B209-5E45C80ADBB2}.Release|Any CPU.Build.0 = Release|Any CPU
		{7DA3C8EB-BE6D-4434-8B7A-F19BB29F24CB}.Debug|Any CPU.ActiveCfg = Debug|Any CPU
		{7DA3C8EB-BE6D-4434-8B7A-F19BB29F24CB}.Debug|Any CPU.Build.0 = Debug|Any CPU
		{7DA3C8EB-BE6D-4434-8B7A-F19BB29F24CB}.Release|Any CPU.ActiveCfg = Release|Any CPU
		{7DA3C8EB-BE6D-4434-8B7A-F19BB29F24CB}.Release|Any CPU.Build.0 = Release|Any CPU
	EndGlobalSection
	GlobalSection(SolutionProperties) = preSolution
		HideSolutionNode = FALSE
	EndGlobalSection
EndGlobal
